
Microsoft Visual Studio Solution File, Format Version 12.00
# Visual Studio 15
VisualStudioVersion = 15.0.27130.2010
MinimumVisualStudioVersion = 10.0.40219.1
Project("{8BC9CEB8-8B4A-11D0-8D11-00A0C91BC942}") = "Core", "Core\Core.vcxproj", "{AD2DDCE9-728A-4DB5-9E05-C48A6F8AE049}"
	ProjectSection(ProjectDependencies) = postProject
		{B32AD903-1CDF-4A29-8BBB-83F959A7CA6C} = {B32AD903-1CDF-4A29-8BBB-83F959A7CA6C}
	EndProjectSection
EndProject
Project("{FAE04EC0-301F-11D3-BF4B-00C04F79EFBC}") = "Visualizer", "Visualizer\Visualizer.csproj", "{F56B8F93-98F9-4CA3-9C0A-887BEF41EE88}"
	ProjectSection(ProjectDependencies) = postProject
		{AD2DDCE9-728A-4DB5-9E05-C48A6F8AE049} = {AD2DDCE9-728A-4DB5-9E05-C48A6F8AE049}
	EndProjectSection
EndProject
Project("{FAE04EC0-301F-11D3-BF4B-00C04F79EFBC}") = "UtilitiesSharp", "UtilitiesSharp\UtilitiesSharp.csproj", "{B32AD903-1CDF-4A29-8BBB-83F959A7CA6C}"
EndProject
Project("{888888A0-9F3D-457C-B088-3A5042F75D52}") = "FakeDataGenerator", "FakeDataGenerator\FakeDataGenerator.pyproj", "{1F6BC862-6EA3-4665-B136-3C6B4D668632}"
EndProject
Global
	GlobalSection(SolutionConfigurationPlatforms) = preSolution
		Debug|Any CPU = Debug|Any CPU
		Debug|x64 = Debug|x64
		Debug|x86 = Debug|x86
		Release|Any CPU = Release|Any CPU
		Release|x64 = Release|x64
		Release|x86 = Release|x86
	EndGlobalSection
	GlobalSection(ProjectConfigurationPlatforms) = postSolution
		{AD2DDCE9-728A-4DB5-9E05-C48A6F8AE049}.Debug|Any CPU.ActiveCfg = Debug|Win32
		{AD2DDCE9-728A-4DB5-9E05-C48A6F8AE049}.Debug|x64.ActiveCfg = Debug|x64
		{AD2DDCE9-728A-4DB5-9E05-C48A6F8AE049}.Debug|x64.Build.0 = Debug|x64
		{AD2DDCE9-728A-4DB5-9E05-C48A6F8AE049}.Debug|x86.ActiveCfg = Debug|Win32
		{AD2DDCE9-728A-4DB5-9E05-C48A6F8AE049}.Debug|x86.Build.0 = Debug|Win32
		{AD2DDCE9-728A-4DB5-9E05-C48A6F8AE049}.Release|Any CPU.ActiveCfg = Release|Win32
		{AD2DDCE9-728A-4DB5-9E05-C48A6F8AE049}.Release|x64.ActiveCfg = Release|x64
		{AD2DDCE9-728A-4DB5-9E05-C48A6F8AE049}.Release|x64.Build.0 = Release|x64
		{AD2DDCE9-728A-4DB5-9E05-C48A6F8AE049}.Release|x86.ActiveCfg = Release|Win32
		{AD2DDCE9-728A-4DB5-9E05-C48A6F8AE049}.Release|x86.Build.0 = Release|Win32
		{F56B8F93-98F9-4CA3-9C0A-887BEF41EE88}.Debug|Any CPU.ActiveCfg = Debug|Any CPU
		{F56B8F93-98F9-4CA3-9C0A-887BEF41EE88}.Debug|Any CPU.Build.0 = Debug|Any CPU
		{F56B8F93-98F9-4CA3-9C0A-887BEF41EE88}.Debug|x64.ActiveCfg = Debug|Any CPU
		{F56B8F93-98F9-4CA3-9C0A-887BEF41EE88}.Debug|x64.Build.0 = Debug|Any CPU
		{F56B8F93-98F9-4CA3-9C0A-887BEF41EE88}.Debug|x86.ActiveCfg = Debug|x86
		{F56B8F93-98F9-4CA3-9C0A-887BEF41EE88}.Debug|x86.Build.0 = Debug|x86
		{F56B8F93-98F9-4CA3-9C0A-887BEF41EE88}.Release|Any CPU.ActiveCfg = Release|Any CPU
		{F56B8F93-98F9-4CA3-9C0A-887BEF41EE88}.Release|Any CPU.Build.0 = Release|Any CPU
		{F56B8F93-98F9-4CA3-9C0A-887BEF41EE88}.Release|x64.ActiveCfg = Release|Any CPU
		{F56B8F93-98F9-4CA3-9C0A-887BEF41EE88}.Release|x64.Build.0 = Release|Any CPU
		{F56B8F93-98F9-4CA3-9C0A-887BEF41EE88}.Release|x86.ActiveCfg = Release|x86
		{F56B8F93-98F9-4CA3-9C0A-887BEF41EE88}.Release|x86.Build.0 = Release|x86
		{B32AD903-1CDF-4A29-8BBB-83F959A7CA6C}.Debug|Any CPU.ActiveCfg = Debug|Any CPU
		{B32AD903-1CDF-4A29-8BBB-83F959A7CA6C}.Debug|Any CPU.Build.0 = Debug|Any CPU
		{B32AD903-1CDF-4A29-8BBB-83F959A7CA6C}.Debug|x64.ActiveCfg = Debug|Any CPU
		{B32AD903-1CDF-4A29-8BBB-83F959A7CA6C}.Debug|x64.Build.0 = Debug|Any CPU
		{B32AD903-1CDF-4A29-8BBB-83F959A7CA6C}.Debug|x86.ActiveCfg = Debug|x86
		{B32AD903-1CDF-4A29-8BBB-83F959A7CA6C}.Debug|x86.Build.0 = Debug|x86
		{B32AD903-1CDF-4A29-8BBB-83F959A7CA6C}.Release|Any CPU.ActiveCfg = Release|Any CPU
		{B32AD903-1CDF-4A29-8BBB-83F959A7CA6C}.Release|Any CPU.Build.0 = Release|Any CPU
		{B32AD903-1CDF-4A29-8BBB-83F959A7CA6C}.Release|x64.ActiveCfg = Release|Any CPU
		{B32AD903-1CDF-4A29-8BBB-83F959A7CA6C}.Release|x64.Build.0 = Release|Any CPU
		{B32AD903-1CDF-4A29-8BBB-83F959A7CA6C}.Release|x86.ActiveCfg = Release|x86
		{B32AD903-1CDF-4A29-8BBB-83F959A7CA6C}.Release|x86.Build.0 = Release|x86
		{1F6BC862-6EA3-4665-B136-3C6B4D668632}.Debug|Any CPU.ActiveCfg = Debug|Any CPU
		{1F6BC862-6EA3-4665-B136-3C6B4D668632}.Debug|x64.ActiveCfg = Debug|Any CPU
		{1F6BC862-6EA3-4665-B136-3C6B4D668632}.Debug|x86.ActiveCfg = Debug|Any CPU
		{1F6BC862-6EA3-4665-B136-3C6B4D668632}.Release|Any CPU.ActiveCfg = Release|Any CPU
		{1F6BC862-6EA3-4665-B136-3C6B4D668632}.Release|x64.ActiveCfg = Release|Any CPU
		{1F6BC862-6EA3-4665-B136-3C6B4D668632}.Release|x86.ActiveCfg = Release|Any CPU
	EndGlobalSection
	GlobalSection(SolutionProperties) = preSolution
		HideSolutionNode = FALSE
	EndGlobalSection
	GlobalSection(ExtensibilityGlobals) = postSolution
		SolutionGuid = {ABEA2B6B-0A8E-4E92-BCDF-74C924BF5119}
	EndGlobalSection
EndGlobal
